
Microsoft Visual Studio Solution File, Format Version 12.00
# Visual Studio 15
VisualStudioVersion = 15.0.28307.572
MinimumVisualStudioVersion = 10.0.40219.1
Project("{159641D6-6404-4A2A-AE62-294DE0FE8301}") = "ToStagingBase", "ToStagingBase\ToStagingBase.dtproj", "{4E4F4186-54F1-4C7E-A87F-A6F1D9D5CBA8}"
EndProject
Global
	GlobalSection(SolutionConfigurationPlatforms) = preSolution
		Development|Default = Development|Default
	EndGlobalSection
	GlobalSection(ProjectConfigurationPlatforms) = postSolution
		{4E4F4186-54F1-4C7E-A87F-A6F1D9D5CBA8}.Development|Default.ActiveCfg = Development
		{4E4F4186-54F1-4C7E-A87F-A6F1D9D5CBA8}.Development|Default.Build.0 = Development
	EndGlobalSection
	GlobalSection(SolutionProperties) = preSolution
		HideSolutionNode = FALSE
	EndGlobalSection
	GlobalSection(ExtensibilityGlobals) = postSolution
		SolutionGuid = {69158F90-6079-445A-9083-2018EFC69359}
	EndGlobalSection
EndGlobal
